
Microsoft Visual Studio Solution File, Format Version 12.00
# Visual Studio Version 17
VisualStudioVersion = 17.14.36202.13 d17.14
MinimumVisualStudioVersion = 10.0.40219.1
Project("{FAE04EC0-301F-11D3-BF4B-00C04F79EFBC}") = "[oop-console] restaurant_order_system", "[oop-console] restaurant_order_system.csproj", "{87426575-24C7-4E13-B6F9-3CB5D600F9FF}"
EndProject
Global
	GlobalSection(SolutionConfigurationPlatforms) = preSolution
		Debug|Any CPU = Debug|Any CPU
		Release|Any CPU = Release|Any CPU
	EndGlobalSection
	GlobalSection(ProjectConfigurationPlatforms) = postSolution
		{87426575-24C7-4E13-B6F9-3CB5D600F9FF}.Debug|Any CPU.ActiveCfg = Debug|Any CPU
		{87426575-24C7-4E13-B6F9-3CB5D600F9FF}.Debug|Any CPU.Build.0 = Debug|Any CPU
		{87426575-24C7-4E13-B6F9-3CB5D600F9FF}.Release|Any CPU.ActiveCfg = Release|Any CPU
		{87426575-24C7-4E13-B6F9-3CB5D600F9FF}.Release|Any CPU.Build.0 = Release|Any CPU
	EndGlobalSection
	GlobalSection(SolutionProperties) = preSolution
		HideSolutionNode = FALSE
	EndGlobalSection
	GlobalSection(ExtensibilityGlobals) = postSolution
		SolutionGuid = {DC307147-BD45-47E3-BFB2-DAE24809DC6F}
	EndGlobalSection
EndGlobal
