
Microsoft Visual Studio Solution File, Format Version 12.00
# Visual Studio Version 17
VisualStudioVersion = 17.13.35931.197 d17.13
MinimumVisualStudioVersion = 10.0.40219.1
Project("{FAE04EC0-301F-11D3-BF4B-00C04F79EFBC}") = "14_ScrollViewer", "14_ScrollViewer.csproj", "{136AD6FA-1888-4A7B-A1EB-E39153195E35}"
EndProject
Global
	GlobalSection(SolutionConfigurationPlatforms) = preSolution
		Debug|Any CPU = Debug|Any CPU
		Release|Any CPU = Release|Any CPU
	EndGlobalSection
	GlobalSection(ProjectConfigurationPlatforms) = postSolution
		{136AD6FA-1888-4A7B-A1EB-E39153195E35}.Debug|Any CPU.ActiveCfg = Debug|Any CPU
		{136AD6FA-1888-4A7B-A1EB-E39153195E35}.Debug|Any CPU.Build.0 = Debug|Any CPU
		{136AD6FA-1888-4A7B-A1EB-E39153195E35}.Release|Any CPU.ActiveCfg = Release|Any CPU
		{136AD6FA-1888-4A7B-A1EB-E39153195E35}.Release|Any CPU.Build.0 = Release|Any CPU
	EndGlobalSection
	GlobalSection(SolutionProperties) = preSolution
		HideSolutionNode = FALSE
	EndGlobalSection
	GlobalSection(ExtensibilityGlobals) = postSolution
		SolutionGuid = {297EF6DA-6671-4714-9620-7505F364FFE7}
	EndGlobalSection
EndGlobal
