
Microsoft Visual Studio Solution File, Format Version 12.00
# Visual Studio Version 17
VisualStudioVersion = 17.9.34728.123
MinimumVisualStudioVersion = 10.0.40219.1
Project("{FAE04EC0-301F-11D3-BF4B-00C04F79EFBC}") = "5_Array_helper_methods", "5_Array_helper_methods.csproj", "{03F4CEF4-D9F4-41B7-ABC4-3EB5666AA014}"
EndProject
Global
	GlobalSection(SolutionConfigurationPlatforms) = preSolution
		Debug|Any CPU = Debug|Any CPU
		Release|Any CPU = Release|Any CPU
	EndGlobalSection
	GlobalSection(ProjectConfigurationPlatforms) = postSolution
		{03F4CEF4-D9F4-41B7-ABC4-3EB5666AA014}.Debug|Any CPU.ActiveCfg = Debug|Any CPU
		{03F4CEF4-D9F4-41B7-ABC4-3EB5666AA014}.Debug|Any CPU.Build.0 = Debug|Any CPU
		{03F4CEF4-D9F4-41B7-ABC4-3EB5666AA014}.Release|Any CPU.ActiveCfg = Release|Any CPU
		{03F4CEF4-D9F4-41B7-ABC4-3EB5666AA014}.Release|Any CPU.Build.0 = Release|Any CPU
	EndGlobalSection
	GlobalSection(SolutionProperties) = preSolution
		HideSolutionNode = FALSE
	EndGlobalSection
	GlobalSection(ExtensibilityGlobals) = postSolution
		SolutionGuid = {EE81B55F-318B-41E8-95A5-5C1444922086}
	EndGlobalSection
EndGlobal
