
Microsoft Visual Studio Solution File, Format Version 12.00
# Visual Studio Version 17
VisualStudioVersion = 17.9.34728.123
MinimumVisualStudioVersion = 10.0.40219.1
Project("{FAE04EC0-301F-11D3-BF4B-00C04F79EFBC}") = "Students_Grades_version3", "Students_Grades_version3.csproj", "{4B7A1D90-FBF3-4324-A004-122D66FE6416}"
EndProject
Global
	GlobalSection(SolutionConfigurationPlatforms) = preSolution
		Debug|Any CPU = Debug|Any CPU
		Release|Any CPU = Release|Any CPU
	EndGlobalSection
	GlobalSection(ProjectConfigurationPlatforms) = postSolution
		{4B7A1D90-FBF3-4324-A004-122D66FE6416}.Debug|Any CPU.ActiveCfg = Debug|Any CPU
		{4B7A1D90-FBF3-4324-A004-122D66FE6416}.Debug|Any CPU.Build.0 = Debug|Any CPU
		{4B7A1D90-FBF3-4324-A004-122D66FE6416}.Release|Any CPU.ActiveCfg = Release|Any CPU
		{4B7A1D90-FBF3-4324-A004-122D66FE6416}.Release|Any CPU.Build.0 = Release|Any CPU
	EndGlobalSection
	GlobalSection(SolutionProperties) = preSolution
		HideSolutionNode = FALSE
	EndGlobalSection
	GlobalSection(ExtensibilityGlobals) = postSolution
		SolutionGuid = {1945AA5F-D971-467A-AD30-260A155CDDD0}
	EndGlobalSection
EndGlobal
