
Microsoft Visual Studio Solution File, Format Version 12.00
# Visual Studio Version 17
VisualStudioVersion = 17.9.34728.123
MinimumVisualStudioVersion = 10.0.40219.1
Project("{FAE04EC0-301F-11D3-BF4B-00C04F79EFBC}") = "9-2_OOP_PART2", "9-2_OOP_PART2.csproj", "{F068CA0E-4988-45BF-AA5E-3F7C14628C14}"
EndProject
Global
	GlobalSection(SolutionConfigurationPlatforms) = preSolution
		Debug|Any CPU = Debug|Any CPU
		Release|Any CPU = Release|Any CPU
	EndGlobalSection
	GlobalSection(ProjectConfigurationPlatforms) = postSolution
		{F068CA0E-4988-45BF-AA5E-3F7C14628C14}.Debug|Any CPU.ActiveCfg = Debug|Any CPU
		{F068CA0E-4988-45BF-AA5E-3F7C14628C14}.Debug|Any CPU.Build.0 = Debug|Any CPU
		{F068CA0E-4988-45BF-AA5E-3F7C14628C14}.Release|Any CPU.ActiveCfg = Release|Any CPU
		{F068CA0E-4988-45BF-AA5E-3F7C14628C14}.Release|Any CPU.Build.0 = Release|Any CPU
	EndGlobalSection
	GlobalSection(SolutionProperties) = preSolution
		HideSolutionNode = FALSE
	EndGlobalSection
	GlobalSection(ExtensibilityGlobals) = postSolution
		SolutionGuid = {5FDA9056-5EA8-433B-9CE3-58D1F3B4A4E5}
	EndGlobalSection
EndGlobal
