
Microsoft Visual Studio Solution File, Format Version 12.00
# Visual Studio Version 17
VisualStudioVersion = 17.9.34728.123
MinimumVisualStudioVersion = 10.0.40219.1
<<<<<<< HEAD:[1 Project] Productivity/[console] journal_in_process/[intermediate]/[console-intermediate] journal.sln
Project("{9A19103F-16F7-4668-BE54-9A1E7A4F7556}") = "[console-intermediate] journal", "[console-intermediate] journal.csproj", "{B7A50876-BCC4-428A-950B-621406A987CF}"
=======
Project("{9A19103F-16F7-4668-BE54-9A1E7A4F7556}") = "[console-basic] journal", "[console-basic] journal.csproj", "{CCBF80B1-A4DB-43D7-9ADD-EA8866286D87}"
>>>>>>> main:[1 Project] Productivity/[console] journal_in_process/[basic]/[console-basic] journal.sln
EndProject
Global
	GlobalSection(SolutionConfigurationPlatforms) = preSolution
		Debug|Any CPU = Debug|Any CPU
		Release|Any CPU = Release|Any CPU
	EndGlobalSection
	GlobalSection(ProjectConfigurationPlatforms) = postSolution
<<<<<<< HEAD:[1 Project] Productivity/[console] journal_in_process/[intermediate]/[console-intermediate] journal.sln
		{B7A50876-BCC4-428A-950B-621406A987CF}.Debug|Any CPU.ActiveCfg = Debug|Any CPU
		{B7A50876-BCC4-428A-950B-621406A987CF}.Debug|Any CPU.Build.0 = Debug|Any CPU
		{B7A50876-BCC4-428A-950B-621406A987CF}.Release|Any CPU.ActiveCfg = Release|Any CPU
		{B7A50876-BCC4-428A-950B-621406A987CF}.Release|Any CPU.Build.0 = Release|Any CPU
=======
		{CCBF80B1-A4DB-43D7-9ADD-EA8866286D87}.Debug|Any CPU.ActiveCfg = Debug|Any CPU
		{CCBF80B1-A4DB-43D7-9ADD-EA8866286D87}.Debug|Any CPU.Build.0 = Debug|Any CPU
		{CCBF80B1-A4DB-43D7-9ADD-EA8866286D87}.Release|Any CPU.ActiveCfg = Release|Any CPU
		{CCBF80B1-A4DB-43D7-9ADD-EA8866286D87}.Release|Any CPU.Build.0 = Release|Any CPU
>>>>>>> main:[1 Project] Productivity/[console] journal_in_process/[basic]/[console-basic] journal.sln
	EndGlobalSection
	GlobalSection(SolutionProperties) = preSolution
		HideSolutionNode = FALSE
	EndGlobalSection
	GlobalSection(ExtensibilityGlobals) = postSolution
<<<<<<< HEAD:[1 Project] Productivity/[console] journal_in_process/[intermediate]/[console-intermediate] journal.sln
		SolutionGuid = {65FE0FBA-CB7F-4D66-8ECC-6D1851EEEC9B}
=======
		SolutionGuid = {BF16379A-5AF7-4193-B657-BC97962D0B09}
>>>>>>> main:[1 Project] Productivity/[console] journal_in_process/[basic]/[console-basic] journal.sln
	EndGlobalSection
EndGlobal
