
Microsoft Visual Studio Solution File, Format Version 12.00
# Visual Studio Version 17
VisualStudioVersion = 17.9.34728.123
MinimumVisualStudioVersion = 10.0.40219.1
Project("{9A19103F-16F7-4668-BE54-9A1E7A4F7556}") = "after_SOLID_SRP", "after_SOLID_SRP.csproj", "{DB353B26-12CE-480F-81FC-A267AC6B7E7B}"
EndProject
Global
	GlobalSection(SolutionConfigurationPlatforms) = preSolution
		Debug|Any CPU = Debug|Any CPU
		Release|Any CPU = Release|Any CPU
	EndGlobalSection
	GlobalSection(ProjectConfigurationPlatforms) = postSolution
		{DB353B26-12CE-480F-81FC-A267AC6B7E7B}.Debug|Any CPU.ActiveCfg = Debug|Any CPU
		{DB353B26-12CE-480F-81FC-A267AC6B7E7B}.Debug|Any CPU.Build.0 = Debug|Any CPU
		{DB353B26-12CE-480F-81FC-A267AC6B7E7B}.Release|Any CPU.ActiveCfg = Release|Any CPU
		{DB353B26-12CE-480F-81FC-A267AC6B7E7B}.Release|Any CPU.Build.0 = Release|Any CPU
	EndGlobalSection
	GlobalSection(SolutionProperties) = preSolution
		HideSolutionNode = FALSE
	EndGlobalSection
	GlobalSection(ExtensibilityGlobals) = postSolution
		SolutionGuid = {69489885-4560-4A77-929F-5C86BF1BA37E}
	EndGlobalSection
EndGlobal
