
Microsoft Visual Studio Solution File, Format Version 12.00
# Visual Studio Version 17
VisualStudioVersion = 17.13.35931.197 d17.13
MinimumVisualStudioVersion = 10.0.40219.1
Project("{FAE04EC0-301F-11D3-BF4B-00C04F79EFBC}") = "03_Custom_user_control", "03_Custom_user_control.csproj", "{F70E814B-0607-E5F8-563A-7777E5AF7412}"
EndProject
Global
	GlobalSection(SolutionConfigurationPlatforms) = preSolution
		Debug|Any CPU = Debug|Any CPU
		Release|Any CPU = Release|Any CPU
	EndGlobalSection
	GlobalSection(ProjectConfigurationPlatforms) = postSolution
		{F70E814B-0607-E5F8-563A-7777E5AF7412}.Debug|Any CPU.ActiveCfg = Debug|Any CPU
		{F70E814B-0607-E5F8-563A-7777E5AF7412}.Debug|Any CPU.Build.0 = Debug|Any CPU
		{F70E814B-0607-E5F8-563A-7777E5AF7412}.Release|Any CPU.ActiveCfg = Release|Any CPU
		{F70E814B-0607-E5F8-563A-7777E5AF7412}.Release|Any CPU.Build.0 = Release|Any CPU
	EndGlobalSection
	GlobalSection(SolutionProperties) = preSolution
		HideSolutionNode = FALSE
	EndGlobalSection
	GlobalSection(ExtensibilityGlobals) = postSolution
		SolutionGuid = {EC7DECE5-09D6-4050-B4BC-B28C0B98F921}
	EndGlobalSection
EndGlobal
