
Microsoft Visual Studio Solution File, Format Version 12.00
# Visual Studio Version 17
VisualStudioVersion = 17.14.36202.13 d17.14
MinimumVisualStudioVersion = 10.0.40219.1
Project("{FAE04EC0-301F-11D3-BF4B-00C04F79EFBC}") = "4-Inheritance", "4-Inheritance.csproj", "{77D16393-587C-4BBD-A6DE-56D4BE0296E4}"
EndProject
Global
	GlobalSection(SolutionConfigurationPlatforms) = preSolution
		Debug|Any CPU = Debug|Any CPU
		Release|Any CPU = Release|Any CPU
	EndGlobalSection
	GlobalSection(ProjectConfigurationPlatforms) = postSolution
		{77D16393-587C-4BBD-A6DE-56D4BE0296E4}.Debug|Any CPU.ActiveCfg = Debug|Any CPU
		{77D16393-587C-4BBD-A6DE-56D4BE0296E4}.Debug|Any CPU.Build.0 = Debug|Any CPU
		{77D16393-587C-4BBD-A6DE-56D4BE0296E4}.Release|Any CPU.ActiveCfg = Release|Any CPU
		{77D16393-587C-4BBD-A6DE-56D4BE0296E4}.Release|Any CPU.Build.0 = Release|Any CPU
	EndGlobalSection
	GlobalSection(SolutionProperties) = preSolution
		HideSolutionNode = FALSE
	EndGlobalSection
	GlobalSection(ExtensibilityGlobals) = postSolution
		SolutionGuid = {01EFD7E0-0489-4BE7-BC65-B0931BD59D25}
	EndGlobalSection
EndGlobal
