
Microsoft Visual Studio Solution File, Format Version 12.00
# Visual Studio Version 17
VisualStudioVersion = 17.13.35931.197 d17.13
MinimumVisualStudioVersion = 10.0.40219.1
Project("{FAE04EC0-301F-11D3-BF4B-00C04F79EFBC}") = "12_GridSplitter", "12_GridSplitter.csproj", "{B00A1210-913B-4988-BAF0-44AB71D983E8}"
EndProject
Global
	GlobalSection(SolutionConfigurationPlatforms) = preSolution
		Debug|Any CPU = Debug|Any CPU
		Release|Any CPU = Release|Any CPU
	EndGlobalSection
	GlobalSection(ProjectConfigurationPlatforms) = postSolution
		{B00A1210-913B-4988-BAF0-44AB71D983E8}.Debug|Any CPU.ActiveCfg = Debug|Any CPU
		{B00A1210-913B-4988-BAF0-44AB71D983E8}.Debug|Any CPU.Build.0 = Debug|Any CPU
		{B00A1210-913B-4988-BAF0-44AB71D983E8}.Release|Any CPU.ActiveCfg = Release|Any CPU
		{B00A1210-913B-4988-BAF0-44AB71D983E8}.Release|Any CPU.Build.0 = Release|Any CPU
	EndGlobalSection
	GlobalSection(SolutionProperties) = preSolution
		HideSolutionNode = FALSE
	EndGlobalSection
	GlobalSection(ExtensibilityGlobals) = postSolution
		SolutionGuid = {69110804-4E67-4C21-84BF-ACF549E047EC}
	EndGlobalSection
EndGlobal
