
Microsoft Visual Studio Solution File, Format Version 12.00
# Visual Studio Version 17
VisualStudioVersion = 17.9.34728.123
MinimumVisualStudioVersion = 10.0.40219.1
Project("{9A19103F-16F7-4668-BE54-9A1E7A4F7556}") = "8_Debugging_exception-handling", "8_Debugging_exception-handling.csproj", "{07F0AB3F-8FB5-49EA-B71B-8FF44F7BA5B0}"
EndProject
Global
	GlobalSection(SolutionConfigurationPlatforms) = preSolution
		Debug|Any CPU = Debug|Any CPU
		Release|Any CPU = Release|Any CPU
	EndGlobalSection
	GlobalSection(ProjectConfigurationPlatforms) = postSolution
		{07F0AB3F-8FB5-49EA-B71B-8FF44F7BA5B0}.Debug|Any CPU.ActiveCfg = Debug|Any CPU
		{07F0AB3F-8FB5-49EA-B71B-8FF44F7BA5B0}.Debug|Any CPU.Build.0 = Debug|Any CPU
		{07F0AB3F-8FB5-49EA-B71B-8FF44F7BA5B0}.Release|Any CPU.ActiveCfg = Release|Any CPU
		{07F0AB3F-8FB5-49EA-B71B-8FF44F7BA5B0}.Release|Any CPU.Build.0 = Release|Any CPU
	EndGlobalSection
	GlobalSection(SolutionProperties) = preSolution
		HideSolutionNode = FALSE
	EndGlobalSection
	GlobalSection(ExtensibilityGlobals) = postSolution
		SolutionGuid = {7204B989-2AB9-4F91-8125-9F23AA36BF0C}
	EndGlobalSection
EndGlobal
