
Microsoft Visual Studio Solution File, Format Version 12.00
# Visual Studio Version 17
VisualStudioVersion = 17.9.34728.123
MinimumVisualStudioVersion = 10.0.40219.1
Project("{FAE04EC0-301F-11D3-BF4B-00C04F79EFBC}") = "10_Miscellaneous", "10_Miscellaneous.csproj", "{94FDE9C6-C806-4264-B065-F7AC102E1CDE}"
EndProject
Global
	GlobalSection(SolutionConfigurationPlatforms) = preSolution
		Debug|Any CPU = Debug|Any CPU
		Release|Any CPU = Release|Any CPU
	EndGlobalSection
	GlobalSection(ProjectConfigurationPlatforms) = postSolution
		{94FDE9C6-C806-4264-B065-F7AC102E1CDE}.Debug|Any CPU.ActiveCfg = Debug|Any CPU
		{94FDE9C6-C806-4264-B065-F7AC102E1CDE}.Debug|Any CPU.Build.0 = Debug|Any CPU
		{94FDE9C6-C806-4264-B065-F7AC102E1CDE}.Release|Any CPU.ActiveCfg = Release|Any CPU
		{94FDE9C6-C806-4264-B065-F7AC102E1CDE}.Release|Any CPU.Build.0 = Release|Any CPU
	EndGlobalSection
	GlobalSection(SolutionProperties) = preSolution
		HideSolutionNode = FALSE
	EndGlobalSection
	GlobalSection(ExtensibilityGlobals) = postSolution
		SolutionGuid = {489E1254-9296-4109-A981-F5BA5A753CE6}
	EndGlobalSection
EndGlobal
