
Microsoft Visual Studio Solution File, Format Version 12.00
# Visual Studio Version 17
VisualStudioVersion = 17.9.34728.123
MinimumVisualStudioVersion = 10.0.40219.1
Project("{FAE04EC0-301F-11D3-BF4B-00C04F79EFBC}") = "Calculate_final_GPA", "Calculate_final_GPA.csproj", "{8229E0C8-E985-464B-AB20-8CFDF3DE2CC5}"
EndProject
Global
	GlobalSection(SolutionConfigurationPlatforms) = preSolution
		Debug|Any CPU = Debug|Any CPU
		Release|Any CPU = Release|Any CPU
	EndGlobalSection
	GlobalSection(ProjectConfigurationPlatforms) = postSolution
		{8229E0C8-E985-464B-AB20-8CFDF3DE2CC5}.Debug|Any CPU.ActiveCfg = Debug|Any CPU
		{8229E0C8-E985-464B-AB20-8CFDF3DE2CC5}.Debug|Any CPU.Build.0 = Debug|Any CPU
		{8229E0C8-E985-464B-AB20-8CFDF3DE2CC5}.Release|Any CPU.ActiveCfg = Release|Any CPU
		{8229E0C8-E985-464B-AB20-8CFDF3DE2CC5}.Release|Any CPU.Build.0 = Release|Any CPU
	EndGlobalSection
	GlobalSection(SolutionProperties) = preSolution
		HideSolutionNode = FALSE
	EndGlobalSection
	GlobalSection(ExtensibilityGlobals) = postSolution
		SolutionGuid = {EE389E0C-3FED-4542-AEF5-168BFD136A02}
	EndGlobalSection
EndGlobal
