
Microsoft Visual Studio Solution File, Format Version 12.00
# Visual Studio Version 17
VisualStudioVersion = 17.14.36408.4
MinimumVisualStudioVersion = 10.0.40219.1
Project("{FAE04EC0-301F-11D3-BF4B-00C04F79EFBC}") = "ManagmentSystem.Web", "ManagmentSystem.Web\ManagmentSystem.Web.csproj", "{CC4BCC45-90E5-46B6-A4C9-F0E2C8CDF4BD}"
EndProject
Global
	GlobalSection(SolutionConfigurationPlatforms) = preSolution
		Debug|Any CPU = Debug|Any CPU
		Release|Any CPU = Release|Any CPU
	EndGlobalSection
	GlobalSection(ProjectConfigurationPlatforms) = postSolution
		{CC4BCC45-90E5-46B6-A4C9-F0E2C8CDF4BD}.Debug|Any CPU.ActiveCfg = Debug|Any CPU
		{CC4BCC45-90E5-46B6-A4C9-F0E2C8CDF4BD}.Debug|Any CPU.Build.0 = Debug|Any CPU
		{CC4BCC45-90E5-46B6-A4C9-F0E2C8CDF4BD}.Release|Any CPU.ActiveCfg = Release|Any CPU
		{CC4BCC45-90E5-46B6-A4C9-F0E2C8CDF4BD}.Release|Any CPU.Build.0 = Release|Any CPU
	EndGlobalSection
	GlobalSection(SolutionProperties) = preSolution
		HideSolutionNode = FALSE
	EndGlobalSection
	GlobalSection(ExtensibilityGlobals) = postSolution
		SolutionGuid = {4B232903-EEDE-4F86-AC07-CCDB59BBB468}
	EndGlobalSection
EndGlobal
