
Microsoft Visual Studio Solution File, Format Version 12.00
# Visual Studio Version 17
VisualStudioVersion = 17.9.34728.123
MinimumVisualStudioVersion = 10.0.40219.1
Project("{9A19103F-16F7-4668-BE54-9A1E7A4F7556}") = "[console-basic] rpg_battle", "[console-basic] rpg_battle.csproj", "{73DA5200-0AD1-4D19-8ECB-06BCB1E4A152}"
EndProject
Global
	GlobalSection(SolutionConfigurationPlatforms) = preSolution
		Debug|Any CPU = Debug|Any CPU
		Release|Any CPU = Release|Any CPU
	EndGlobalSection
	GlobalSection(ProjectConfigurationPlatforms) = postSolution
		{73DA5200-0AD1-4D19-8ECB-06BCB1E4A152}.Debug|Any CPU.ActiveCfg = Debug|Any CPU
		{73DA5200-0AD1-4D19-8ECB-06BCB1E4A152}.Debug|Any CPU.Build.0 = Debug|Any CPU
		{73DA5200-0AD1-4D19-8ECB-06BCB1E4A152}.Release|Any CPU.ActiveCfg = Release|Any CPU
		{73DA5200-0AD1-4D19-8ECB-06BCB1E4A152}.Release|Any CPU.Build.0 = Release|Any CPU
	EndGlobalSection
	GlobalSection(SolutionProperties) = preSolution
		HideSolutionNode = FALSE
	EndGlobalSection
	GlobalSection(ExtensibilityGlobals) = postSolution
		SolutionGuid = {BECBF672-971A-419D-96E7-D53AAF42F48D}
	EndGlobalSection
EndGlobal
