
Microsoft Visual Studio Solution File, Format Version 12.00
# Visual Studio Version 17
VisualStudioVersion = 17.13.35931.197 d17.13
MinimumVisualStudioVersion = 10.0.40219.1
Project("{FAE04EC0-301F-11D3-BF4B-00C04F79EFBC}") = "11_StackPanelControl", "11_StackPanelControl.csproj", "{09876AE4-CE5D-40AB-88A3-ACEC3A9EAF87}"
EndProject
Global
	GlobalSection(SolutionConfigurationPlatforms) = preSolution
		Debug|Any CPU = Debug|Any CPU
		Release|Any CPU = Release|Any CPU
	EndGlobalSection
	GlobalSection(ProjectConfigurationPlatforms) = postSolution
		{09876AE4-CE5D-40AB-88A3-ACEC3A9EAF87}.Debug|Any CPU.ActiveCfg = Debug|Any CPU
		{09876AE4-CE5D-40AB-88A3-ACEC3A9EAF87}.Debug|Any CPU.Build.0 = Debug|Any CPU
		{09876AE4-CE5D-40AB-88A3-ACEC3A9EAF87}.Release|Any CPU.ActiveCfg = Release|Any CPU
		{09876AE4-CE5D-40AB-88A3-ACEC3A9EAF87}.Release|Any CPU.Build.0 = Release|Any CPU
	EndGlobalSection
	GlobalSection(SolutionProperties) = preSolution
		HideSolutionNode = FALSE
	EndGlobalSection
	GlobalSection(ExtensibilityGlobals) = postSolution
		SolutionGuid = {6F4A00CE-574F-4D68-9528-C6EB92550D05}
	EndGlobalSection
EndGlobal
