
Microsoft Visual Studio Solution File, Format Version 12.00
# Visual Studio Version 17
VisualStudioVersion = 17.13.35931.197 d17.13
MinimumVisualStudioVersion = 10.0.40219.1
Project("{FAE04EC0-301F-11D3-BF4B-00C04F79EFBC}") = "10_Observable", "10_Observable.csproj", "{DA5132D7-6385-B501-42C4-EC7572089F90}"
EndProject
Global
	GlobalSection(SolutionConfigurationPlatforms) = preSolution
		Debug|Any CPU = Debug|Any CPU
		Release|Any CPU = Release|Any CPU
	EndGlobalSection
	GlobalSection(ProjectConfigurationPlatforms) = postSolution
		{DA5132D7-6385-B501-42C4-EC7572089F90}.Debug|Any CPU.ActiveCfg = Debug|Any CPU
		{DA5132D7-6385-B501-42C4-EC7572089F90}.Debug|Any CPU.Build.0 = Debug|Any CPU
		{DA5132D7-6385-B501-42C4-EC7572089F90}.Release|Any CPU.ActiveCfg = Release|Any CPU
		{DA5132D7-6385-B501-42C4-EC7572089F90}.Release|Any CPU.Build.0 = Release|Any CPU
	EndGlobalSection
	GlobalSection(SolutionProperties) = preSolution
		HideSolutionNode = FALSE
	EndGlobalSection
	GlobalSection(ExtensibilityGlobals) = postSolution
		SolutionGuid = {F4EF2E5E-777F-468B-8228-012B13322976}
	EndGlobalSection
EndGlobal
