
Microsoft Visual Studio Solution File, Format Version 12.00
# Visual Studio Version 17
VisualStudioVersion = 17.9.34728.123
MinimumVisualStudioVersion = 10.0.40219.1
Project("{9A19103F-16F7-4668-BE54-9A1E7A4F7556}") = "[console-basic] students_grades_v1", "[console-basic] students_grades_v1.csproj", "{C7DB2917-F0ED-45CD-A40D-2AD05919B3A1}"
EndProject
Global
	GlobalSection(SolutionConfigurationPlatforms) = preSolution
		Debug|Any CPU = Debug|Any CPU
		Release|Any CPU = Release|Any CPU
	EndGlobalSection
	GlobalSection(ProjectConfigurationPlatforms) = postSolution
		{C7DB2917-F0ED-45CD-A40D-2AD05919B3A1}.Debug|Any CPU.ActiveCfg = Debug|Any CPU
		{C7DB2917-F0ED-45CD-A40D-2AD05919B3A1}.Debug|Any CPU.Build.0 = Debug|Any CPU
		{C7DB2917-F0ED-45CD-A40D-2AD05919B3A1}.Release|Any CPU.ActiveCfg = Release|Any CPU
		{C7DB2917-F0ED-45CD-A40D-2AD05919B3A1}.Release|Any CPU.Build.0 = Release|Any CPU
	EndGlobalSection
	GlobalSection(SolutionProperties) = preSolution
		HideSolutionNode = FALSE
	EndGlobalSection
	GlobalSection(ExtensibilityGlobals) = postSolution
		SolutionGuid = {9DEF7B1E-B895-4B0D-97ED-AE736744278A}
	EndGlobalSection
EndGlobal
