
Microsoft Visual Studio Solution File, Format Version 12.00
# Visual Studio Version 17
VisualStudioVersion = 17.13.35931.197 d17.13
MinimumVisualStudioVersion = 10.0.40219.1
Project("{FAE04EC0-301F-11D3-BF4B-00C04F79EFBC}") = "20_ViewModelsInMVVM", "20_ViewModelsInMVVM.csproj", "{FAE38887-568A-44BD-A37E-4F144B03D41C}"
EndProject
Global
	GlobalSection(SolutionConfigurationPlatforms) = preSolution
		Debug|Any CPU = Debug|Any CPU
		Release|Any CPU = Release|Any CPU
	EndGlobalSection
	GlobalSection(ProjectConfigurationPlatforms) = postSolution
		{FAE38887-568A-44BD-A37E-4F144B03D41C}.Debug|Any CPU.ActiveCfg = Debug|Any CPU
		{FAE38887-568A-44BD-A37E-4F144B03D41C}.Debug|Any CPU.Build.0 = Debug|Any CPU
		{FAE38887-568A-44BD-A37E-4F144B03D41C}.Release|Any CPU.ActiveCfg = Release|Any CPU
		{FAE38887-568A-44BD-A37E-4F144B03D41C}.Release|Any CPU.Build.0 = Release|Any CPU
	EndGlobalSection
	GlobalSection(SolutionProperties) = preSolution
		HideSolutionNode = FALSE
	EndGlobalSection
	GlobalSection(ExtensibilityGlobals) = postSolution
		SolutionGuid = {716EF151-084B-434F-95FF-7E0EBCDA8744}
	EndGlobalSection
EndGlobal
