
Microsoft Visual Studio Solution File, Format Version 12.00
# Visual Studio Version 17
VisualStudioVersion = 17.14.36202.13 d17.14
MinimumVisualStudioVersion = 10.0.40219.1
Project("{FAE04EC0-301F-11D3-BF4B-00C04F79EFBC}") = "14_Design-patterns", "14_Design-patterns.csproj", "{7BDB51F7-5703-FA94-F0CC-BBC545677502}"
EndProject
Project("{FAE04EC0-301F-11D3-BF4B-00C04F79EFBC}") = "14-Design_patterns", "..\..\_Practice_\Exception_handling\14-Design_patterns\14-Design_patterns.csproj", "{9716D6D6-FDE4-4587-96CF-49A3F6E32F2D}"
EndProject
Global
	GlobalSection(SolutionConfigurationPlatforms) = preSolution
		Debug|Any CPU = Debug|Any CPU
		Release|Any CPU = Release|Any CPU
	EndGlobalSection
	GlobalSection(ProjectConfigurationPlatforms) = postSolution
		{7BDB51F7-5703-FA94-F0CC-BBC545677502}.Debug|Any CPU.ActiveCfg = Debug|Any CPU
		{7BDB51F7-5703-FA94-F0CC-BBC545677502}.Debug|Any CPU.Build.0 = Debug|Any CPU
		{7BDB51F7-5703-FA94-F0CC-BBC545677502}.Release|Any CPU.ActiveCfg = Release|Any CPU
		{7BDB51F7-5703-FA94-F0CC-BBC545677502}.Release|Any CPU.Build.0 = Release|Any CPU
		{9716D6D6-FDE4-4587-96CF-49A3F6E32F2D}.Debug|Any CPU.ActiveCfg = Debug|Any CPU
		{9716D6D6-FDE4-4587-96CF-49A3F6E32F2D}.Debug|Any CPU.Build.0 = Debug|Any CPU
		{9716D6D6-FDE4-4587-96CF-49A3F6E32F2D}.Release|Any CPU.ActiveCfg = Release|Any CPU
		{9716D6D6-FDE4-4587-96CF-49A3F6E32F2D}.Release|Any CPU.Build.0 = Release|Any CPU
	EndGlobalSection
	GlobalSection(SolutionProperties) = preSolution
		HideSolutionNode = FALSE
	EndGlobalSection
	GlobalSection(ExtensibilityGlobals) = postSolution
		SolutionGuid = {E22C25DF-4F63-4FC0-BAB8-CE13A6F0EBB5}
	EndGlobalSection
EndGlobal
